<?xml version="1.0" encoding="utf-8"?>
<Project ToolsVersion="4.0" xmlns="http://schemas.microsoft.com/developer/msbuild/2003">
  <ItemGroup>
    <Filter Include="Source Files">
      <UniqueIdentifier>{4FC737F1-C7A5-4376-A066-2A32D752A2FF}</UniqueIdentifier>
      <Extensions>cpp;c;cc;cxx;def;odl;idl;hpj;bat;asm;asmx</Extensions>
    </Filter>
    <Filter Include="Header Files">
      <UniqueIdentifier>{93995380-89BD-4b04-88EB-625FBE52EBFB}</UniqueIdentifier>
      <Extensions>h;hpp;hxx;hm;inl;inc;xsd</Extensions>
    </Filter>
    <Filter Include="Shaders">
      <UniqueIdentifier>{b1ef4996-3231-464e-b1ff-d5989936cf0f}</UniqueIdentifier>
    </Filter>
    <Filter Include="Shaders\Shader Files">
      <UniqueIdentifier>{67DA6AB6-F800-4c08-8B7A-83BB121AAD01}</UniqueIdentifier>
      <Extensions>rc;ico;cur;bmp;dlg;rc2;rct;bin;rgs;gif;jpg;jpeg;jpe;resx;tiff;tif;png;wav;mfcribbon-ms</Extensions>
    </Filter>
    <Filter Include="Shaders\Headers">
      <UniqueIdentifier>{201ac5ca-8bf1-446e-8164-683f19d3069b}</UniqueIdentifier>
    </Filter>
    <Filter Include="Shaders\Source">
      <UniqueIdentifier>{e1578438-8ecf-475e-a11a-54d600c381fb}</UniqueIdentifier>
    </Filter>
    <Filter Include="Models">
      <UniqueIdentifier>{cc2a1f95-8bd5-4aad-8b18-d8536c43cf12}</UniqueIdentifier>
    </Filter>
    <Filter Include="Models\Headers">
      <UniqueIdentifier>{a62faafd-a4b1-4793-bafb-7210d73fdb44}</UniqueIdentifier>
    </Filter>
    <Filter Include="Models\Source">
      <UniqueIdentifier>{8d519da6-1c04-4eff-9bf6-25348def1ea5}</UniqueIdentifier>
    </Filter>
    <Filter Include="Movement">
      <UniqueIdentifier>{1825877e-926e-4621-b3d8-a01bb8e23644}</UniqueIdentifier>
    </Filter>
    <Filter Include="Movement\Header">
      <UniqueIdentifier>{b6fc087b-1609-432c-9eed-4447dfcb2130}</UniqueIdentifier>
    </Filter>
    <Filter Include="Movement\Source">
      <UniqueIdentifier>{2246dd5c-be02-47be-bb37-f0585fece075}</UniqueIdentifier>
    </Filter>
  </ItemGroup>
  <ItemGroup>
    <ClCompile Include="cameraclass.cpp">
      <Filter>Source Files</Filter>
    </ClCompile>
    <ClCompile Include="d3dclass.cpp">
      <Filter>Source Files</Filter>
    </ClCompile>
    <ClCompile Include="lightclass.cpp">
      <Filter>Source Files</Filter>
    </ClCompile>
    <ClCompile Include="systemclass.cpp">
      <Filter>Source Files</Filter>
    </ClCompile>
    <ClCompile Include="textureclass.cpp">
      <Filter>Source Files</Filter>
    </ClCompile>
    <ClCompile Include="Sound.cpp">
      <Filter>Source Files</Filter>
    </ClCompile>
    <ClCompile Include="rendertextureclass.cpp">
      <Filter>Source Files</Filter>
    </ClCompile>
    <ClCompile Include="main.cpp">
      <Filter>Source Files</Filter>
    </ClCompile>
    <ClCompile Include="graphicsclass.cpp">
      <Filter>Source Files</Filter>
    </ClCompile>
    <ClCompile Include="ShaderManagerClass.cpp">
      <Filter>Source Files</Filter>
    </ClCompile>
    <ClCompile Include="lightshaderclass.cpp">
      <Filter>Shaders\Source</Filter>
    </ClCompile>
    <ClCompile Include="reflectionshaderclass.cpp">
      <Filter>Shaders\Source</Filter>
    </ClCompile>
    <ClCompile Include="skySphereShader.cpp">
      <Filter>Shaders\Source</Filter>
    </ClCompile>
    <ClCompile Include="terrainshaderclass.cpp">
      <Filter>Shaders\Source</Filter>
    </ClCompile>
    <ClCompile Include="watershaderclass.cpp">
      <Filter>Shaders\Source</Filter>
    </ClCompile>
    <ClCompile Include="skySphere.cpp">
      <Filter>Models\Source</Filter>
    </ClCompile>
    <ClCompile Include="terrainclass.cpp">
      <Filter>Models\Source</Filter>
    </ClCompile>
    <ClCompile Include="waterclass.cpp">
      <Filter>Models\Source</Filter>
    </ClCompile>
    <ClCompile Include="MeshClass.cpp">
      <Filter>Models\Source</Filter>
    </ClCompile>
    <ClCompile Include="AssimpModelClass.cpp">
      <Filter>Models\Source</Filter>
    </ClCompile>
    <ClCompile Include="ModelManagerClass.cpp">
      <Filter>Source Files</Filter>
    </ClCompile>
    <ClCompile Include="FrameTime.cpp">
      <Filter>Movement\Source</Filter>
    </ClCompile>
    <ClCompile Include="inputclass.cpp">
      <Filter>Movement\Source</Filter>
    </ClCompile>
    <ClCompile Include="Movement.cpp">
      <Filter>Movement\Source</Filter>
    </ClCompile>
  </ItemGroup>
  <ItemGroup>
    <ClInclude Include="cameraclass.h">
      <Filter>Header Files</Filter>
    </ClInclude>
    <ClInclude Include="d3dclass.h">
      <Filter>Header Files</Filter>
    </ClInclude>
    <ClInclude Include="lightclass.h">
      <Filter>Header Files</Filter>
    </ClInclude>
    <ClInclude Include="systemclass.h">
      <Filter>Header Files</Filter>
    </ClInclude>
    <ClInclude Include="textureclass.h">
      <Filter>Header Files</Filter>
    </ClInclude>
    <ClInclude Include="Sound.h">
      <Filter>Header Files</Filter>
    </ClInclude>
    <ClInclude Include="rendertextureclass.h">
      <Filter>Header Files</Filter>
    </ClInclude>
    <ClInclude Include="graphicsclass.h">
      <Filter>Header Files</Filter>
    </ClInclude>
    <ClInclude Include="ShaderManagerClass.h">
      <Filter>Header Files</Filter>
    </ClInclude>
    <ClInclude Include="lightshaderclass.h">
      <Filter>Shaders\Headers</Filter>
    </ClInclude>
    <ClInclude Include="reflectionshaderclass.h">
      <Filter>Shaders\Headers</Filter>
    </ClInclude>
    <ClInclude Include="skySphereShader.h">
      <Filter>Shaders\Headers</Filter>
    </ClInclude>
    <ClInclude Include="terrainshaderclass.h">
      <Filter>Shaders\Headers</Filter>
    </ClInclude>
    <ClInclude Include="watershaderclass.h">
      <Filter>Shaders\Headers</Filter>
    </ClInclude>
    <ClInclude Include="skySphere.h">
      <Filter>Models\Headers</Filter>
    </ClInclude>
    <ClInclude Include="terrainclass.h">
      <Filter>Models\Headers</Filter>
    </ClInclude>
    <ClInclude Include="waterclass.h">
      <Filter>Models\Headers</Filter>
    </ClInclude>
    <ClInclude Include="MeshClass.h">
      <Filter>Models\Headers</Filter>
    </ClInclude>
    <ClInclude Include="AssimpModelClass.h">
      <Filter>Models\Headers</Filter>
    </ClInclude>
    <ClInclude Include="Utils.h">
      <Filter>Header Files</Filter>
    </ClInclude>
    <ClInclude Include="ModelManagerClass.h">
      <Filter>Header Files</Filter>
    </ClInclude>
    <ClInclude Include="FrameTime.h">
      <Filter>Movement\Header</Filter>
    </ClInclude>
    <ClInclude Include="inputclass.h">
      <Filter>Movement\Header</Filter>
    </ClInclude>
    <ClInclude Include="Movement.h">
      <Filter>Movement\Header</Filter>
    </ClInclude>
  </ItemGroup>
  <ItemGroup>
    <None Include="lightVS.hlsl">
      <Filter>Shaders\Shader Files</Filter>
    </None>
    <None Include="lightPS.hlsl">
      <Filter>Shaders\Shader Files</Filter>
    </None>
    <None Include="skyVS.hlsl">
      <Filter>Shaders\Shader Files</Filter>
    </None>
    <None Include="skyPS.hlsl">
      <Filter>Shaders\Shader Files</Filter>
    </None>
    <None Include="reflectionPS.hlsl">
      <Filter>Shaders\Shader Files</Filter>
    </None>
    <None Include="reflectionVS.hlsl">
      <Filter>Shaders\Shader Files</Filter>
    </None>
    <None Include="terrainPS.hlsl">
      <Filter>Shaders\Shader Files</Filter>
    </None>
    <None Include="terrainVS.hlsl">
      <Filter>Shaders\Shader Files</Filter>
    </None>
    <None Include="waterPS.hlsl">
      <Filter>Shaders\Shader Files</Filter>
    </None>
    <None Include="waterVS.hlsl">
      <Filter>Shaders\Shader Files</Filter>
    </None>
    <None Include="packages.config" />
  </ItemGroup>
</Project>